
Microsoft Visual Studio Solution File, Format Version 12.00
# Visual Studio 15
VisualStudioVersion = 15.0.27703.2035
MinimumVisualStudioVersion = 10.0.40219.1
Project("{FAE04EC0-301F-11D3-BF4B-00C04F79EFBC}") = "MakarovAppointment", "MakarovAppointment\MakarovAppointment.csproj", "{B87DE2CA-20B1-4CDA-83F7-D22C1F726300}"
EndProject
Global
	GlobalSection(SolutionConfigurationPlatforms) = preSolution
		Debug|Any CPU = Debug|Any CPU
		Release|Any CPU = Release|Any CPU
	EndGlobalSection
	GlobalSection(ProjectConfigurationPlatforms) = postSolution
		{B87DE2CA-20B1-4CDA-83F7-D22C1F726300}.Debug|Any CPU.ActiveCfg = Debug|Any CPU
		{B87DE2CA-20B1-4CDA-83F7-D22C1F726300}.Debug|Any CPU.Build.0 = Debug|Any CPU
		{B87DE2CA-20B1-4CDA-83F7-D22C1F726300}.Release|Any CPU.ActiveCfg = Release|Any CPU
		{B87DE2CA-20B1-4CDA-83F7-D22C1F726300}.Release|Any CPU.Build.0 = Release|Any CPU
	EndGlobalSection
	GlobalSection(SolutionProperties) = preSolution
		HideSolutionNode = FALSE
	EndGlobalSection
	GlobalSection(ExtensibilityGlobals) = postSolution
		SolutionGuid = {50CC4F26-A0B1-4471-B716-2EADB03BB292}
	EndGlobalSection
EndGlobal
